
Microsoft Visual Studio Solution File, Format Version 12.00
# Visual Studio Version 17
VisualStudioVersion = 17.11.35222.181
MinimumVisualStudioVersion = 10.0.40219.1
Project("{FAE04EC0-301F-11D3-BF4B-00C04F79EFBC}") = "Calc_ThanhDat", "Calc_ThanhDat\Calc_ThanhDat.csproj", "{EE8ABBFE-206B-4A99-B11B-C7BE2C814BFD}"
EndProject
Global
	GlobalSection(SolutionConfigurationPlatforms) = preSolution
		Debug|Any CPU = Debug|Any CPU
		Release|Any CPU = Release|Any CPU
	EndGlobalSection
	GlobalSection(ProjectConfigurationPlatforms) = postSolution
		{EE8ABBFE-206B-4A99-B11B-C7BE2C814BFD}.Debug|Any CPU.ActiveCfg = Debug|Any CPU
		{EE8ABBFE-206B-4A99-B11B-C7BE2C814BFD}.Debug|Any CPU.Build.0 = Debug|Any CPU
		{EE8ABBFE-206B-4A99-B11B-C7BE2C814BFD}.Release|Any CPU.ActiveCfg = Release|Any CPU
		{EE8ABBFE-206B-4A99-B11B-C7BE2C814BFD}.Release|Any CPU.Build.0 = Release|Any CPU
	EndGlobalSection
	GlobalSection(SolutionProperties) = preSolution
		HideSolutionNode = FALSE
	EndGlobalSection
	GlobalSection(ExtensibilityGlobals) = postSolution
		SolutionGuid = {736B6D05-1529-4D42-A57D-3C5D8919B5C4}
	EndGlobalSection
EndGlobal
